[[package]]
name = "adapter_minimal"
version = "0.1.0"
dependencies = [
 "ecap 0.1.0",
 "ecap-common-link 0.1.0",
]

[[package]]
name = "cc"
version = "1.0.17"
source = "registry+https://github.com/rust-lang/crates.io-index"

[[package]]
name = "ecap"
version = "0.1.0"

[[package]]
name = "ecap-common"
version = "0.1.0"
dependencies = [
 "ecap 0.1.0",
 "lazy_static 1.0.1 (registry+https://github.com/rust-lang/crates.io-index)",
]

[[package]]
name = "ecap-common-link"
version = "0.1.0"
dependencies = [
 "ecap 0.1.0",
 "ecap-common 0.1.0",
]

[[package]]
name = "ecap-cpp"
version = "0.1.0"
dependencies = [
 "ecap 0.1.0",
 "ecap-common-link 0.1.0",
 "ecap-sys 0.1.0",
 "libc 0.2.42 (registry+https://github.com/rust-lang/crates.io-index)",
]

[[package]]
name = "ecap-sys"
version = "0.1.0"
dependencies = [
 "cc 1.0.17 (registry+https://github.com/rust-lang/crates.io-index)",
 "libc 0.2.42 (registry+https://github.com/rust-lang/crates.io-index)",
]

[[package]]
name = "lazy_static"
version = "1.0.1"
source = "registry+https://github.com/rust-lang/crates.io-index"

[[package]]
name = "libc"
version = "0.2.42"
source = "registry+https://github.com/rust-lang/crates.io-index"

[metadata]
"checksum cc 1.0.17 (registry+https://github.com/rust-lang/crates.io-index)" = "49ec142f5768efb5b7622aebc3fdbdbb8950a4b9ba996393cb76ef7466e8747d"
"checksum lazy_static 1.0.1 (registry+https://github.com/rust-lang/crates.io-index)" = "e6412c5e2ad9584b0b8e979393122026cdd6d2a80b933f890dcd694ddbe73739"
"checksum libc 0.2.42 (registry+https://github.com/rust-lang/crates.io-index)" = "b685088df2b950fccadf07a7187c8ef846a959c142338a48f9dc0b94517eb5f1"
